
Microsoft Visual Studio Solution File, Format Version 12.00
# Visual Studio Version 17
VisualStudioVersion = 17.6.33815.320
MinimumVisualStudioVersion = 10.0.40219.1
Project("{9A19103F-16F7-4668-BE54-9A1E7A4F7556}") = "App.Api", "App.Api.csproj", "{BB264355-06FC-4D8E-A94F-E39EAE58B8F3}"
EndProject
Project("{9A19103F-16F7-4668-BE54-9A1E7A4F7556}") = "App.Domain", "..\App.Domain\App.Domain.csproj", "{2A70A8AE-F1DD-4B53-B4DE-266684134BB7}"
EndProject
Project("{9A19103F-16F7-4668-BE54-9A1E7A4F7556}") = "App.Application", "..\App.Application\App.Application.csproj", "{F7D6E5D1-5C9F-41F4-8DBB-A9541AB19A79}"
EndProject
Project("{9A19103F-16F7-4668-BE54-9A1E7A4F7556}") = "App.Infrastructure", "..\App.Infrastructure\App.Infrastructure.csproj", "{8DF6B624-16FF-40D5-9A24-579CD630E4BB}"
EndProject
Global
	GlobalSection(SolutionConfigurationPlatforms) = preSolution
		Debug|Any CPU = Debug|Any CPU
		Release|Any CPU = Release|Any CPU
	EndGlobalSection
	GlobalSection(ProjectConfigurationPlatforms) = postSolution
		{BB264355-06FC-4D8E-A94F-E39EAE58B8F3}.Debug|Any CPU.ActiveCfg = Debug|Any CPU
		{BB264355-06FC-4D8E-A94F-E39EAE58B8F3}.Debug|Any CPU.Build.0 = Debug|Any CPU
		{BB264355-06FC-4D8E-A94F-E39EAE58B8F3}.Release|Any CPU.ActiveCfg = Release|Any CPU
		{BB264355-06FC-4D8E-A94F-E39EAE58B8F3}.Release|Any CPU.Build.0 = Release|Any CPU
		{2A70A8AE-F1DD-4B53-B4DE-266684134BB7}.Debug|Any CPU.ActiveCfg = Debug|Any CPU
		{2A70A8AE-F1DD-4B53-B4DE-266684134BB7}.Debug|Any CPU.Build.0 = Debug|Any CPU
		{2A70A8AE-F1DD-4B53-B4DE-266684134BB7}.Release|Any CPU.ActiveCfg = Release|Any CPU
		{2A70A8AE-F1DD-4B53-B4DE-266684134BB7}.Release|Any CPU.Build.0 = Release|Any CPU
		{F7D6E5D1-5C9F-41F4-8DBB-A9541AB19A79}.Debug|Any CPU.ActiveCfg = Debug|Any CPU
		{F7D6E5D1-5C9F-41F4-8DBB-A9541AB19A79}.Debug|Any CPU.Build.0 = Debug|Any CPU
		{F7D6E5D1-5C9F-41F4-8DBB-A9541AB19A79}.Release|Any CPU.ActiveCfg = Release|Any CPU
		{F7D6E5D1-5C9F-41F4-8DBB-A9541AB19A79}.Release|Any CPU.Build.0 = Release|Any CPU
		{8DF6B624-16FF-40D5-9A24-579CD630E4BB}.Debug|Any CPU.ActiveCfg = Debug|Any CPU
		{8DF6B624-16FF-40D5-9A24-579CD630E4BB}.Debug|Any CPU.Build.0 = Debug|Any CPU
		{8DF6B624-16FF-40D5-9A24-579CD630E4BB}.Release|Any CPU.ActiveCfg = Release|Any CPU
		{8DF6B624-16FF-40D5-9A24-579CD630E4BB}.Release|Any CPU.Build.0 = Release|Any CPU
	EndGlobalSection
	GlobalSection(SolutionProperties) = preSolution
		HideSolutionNode = FALSE
	EndGlobalSection
	GlobalSection(ExtensibilityGlobals) = postSolution
		SolutionGuid = {90A00018-23B8-4AC0-9640-6D0BC96C6F85}
	EndGlobalSection
EndGlobal
